
Microsoft Visual Studio Solution File, Format Version 12.00
# Visual Studio Version 17
VisualStudioVersion = 17.7.34024.191
MinimumVisualStudioVersion = 10.0.40219.1
Project("{FAE04EC0-301F-11D3-BF4B-00C04F79EFBC}") = "Labb 1 - Jonas Haggu", "Labb 1 - Jonas Haggu\Labb 1 - Jonas Haggu.csproj", "{8584F08A-B679-4A76-99A6-998ED7A988A2}"
EndProject
Global
	GlobalSection(SolutionConfigurationPlatforms) = preSolution
		Debug|Any CPU = Debug|Any CPU
		Release|Any CPU = Release|Any CPU
	EndGlobalSection
	GlobalSection(ProjectConfigurationPlatforms) = postSolution
		{8584F08A-B679-4A76-99A6-998ED7A988A2}.Debug|Any CPU.ActiveCfg = Debug|Any CPU
		{8584F08A-B679-4A76-99A6-998ED7A988A2}.Debug|Any CPU.Build.0 = Debug|Any CPU
		{8584F08A-B679-4A76-99A6-998ED7A988A2}.Release|Any CPU.ActiveCfg = Release|Any CPU
		{8584F08A-B679-4A76-99A6-998ED7A988A2}.Release|Any CPU.Build.0 = Release|Any CPU
	EndGlobalSection
	GlobalSection(SolutionProperties) = preSolution
		HideSolutionNode = FALSE
	EndGlobalSection
	GlobalSection(ExtensibilityGlobals) = postSolution
		SolutionGuid = {BE5CAB96-48E7-4976-A05E-2439A527A808}
	EndGlobalSection
EndGlobal
